<?xml version="1.0" encoding="utf-8"?>
<Project ToolsVersion="4.0" xmlns="http://schemas.microsoft.com/developer/msbuild/2003">
  <ItemGroup>
    <Filter Include="Source Files">
      <UniqueIdentifier>{656165bd-0a36-469e-87bb-653fcabb8b1f}</UniqueIdentifier>
      <Extensions>cpp;c;cxx;rc;def;r;odl;idl;hpj;bat</Extensions>
    </Filter>
    <Filter Include="Source Files\common">
      <UniqueIdentifier>{7caece15-e078-4c22-b75a-6d9b85beabad}</UniqueIdentifier>
    </Filter>
    <Filter Include="Source Files\hostapi">
      <UniqueIdentifier>{f922be6a-1353-4b6e-9b1f-b120dda4957a}</UniqueIdentifier>
    </Filter>
    <Filter Include="Source Files\hostapi\dsound">
      <UniqueIdentifier>{4ac198bb-11c5-4d18-9bcb-e826a538eb80}</UniqueIdentifier>
    </Filter>
    <Filter Include="Source Files\hostapi\wmme">
      <UniqueIdentifier>{2aee7e8d-091f-424f-bd71-63a50255189a}</UniqueIdentifier>
    </Filter>
    <Filter Include="Source Files\hostapi\wasapi">
      <UniqueIdentifier>{5296e6e8-6343-4d50-8630-6cd04cd5b4e9}</UniqueIdentifier>
    </Filter>
    <Filter Include="Source Files\hostapi\wdmks">
      <UniqueIdentifier>{863717fa-a7e0-4867-816f-296c4c39c6bd}</UniqueIdentifier>
    </Filter>
    <Filter Include="Source Files\os">
      <UniqueIdentifier>{c0f689a5-1472-431c-8cb2-23ec305cd3a0}</UniqueIdentifier>
    </Filter>
    <Filter Include="Source Files\os\win">
      <UniqueIdentifier>{331c3730-9d3b-43ae-8086-f1c710686fe1}</UniqueIdentifier>
    </Filter>
    <Filter Include="Header Files">
      <UniqueIdentifier>{ea510280-0d7c-47e8-b546-e42db3b27137}</UniqueIdentifier>
      <Extensions>h;hpp;hxx;hm;inl</Extensions>
    </Filter>
  </ItemGroup>
  <ItemGroup>
    <ClCompile Include="..\src\common\pa_allocation.c">
      <Filter>Source Files\common</Filter>
    </ClCompile>
    <ClCompile Include="..\src\common\pa_converters.c">
      <Filter>Source Files\common</Filter>
    </ClCompile>
    <ClCompile Include="..\src\common\pa_cpuload.c">
      <Filter>Source Files\common</Filter>
    </ClCompile>
    <ClCompile Include="..\src\common\pa_debugprint.c">
      <Filter>Source Files\common</Filter>
    </ClCompile>
    <ClCompile Include="..\src\common\pa_dither.c">
      <Filter>Source Files\common</Filter>
    </ClCompile>
    <ClCompile Include="..\src\common\pa_front.c">
      <Filter>Source Files\common</Filter>
    </ClCompile>
    <ClCompile Include="..\src\hostapi\skeleton\pa_hostapi_skeleton.c">
      <Filter>Source Files\common</Filter>
    </ClCompile>
    <ClCompile Include="..\src\common\pa_process.c">
      <Filter>Source Files\common</Filter>
    </ClCompile>
    <ClCompile Include="..\src\common\pa_ringbuffer.c">
      <Filter>Source Files\common</Filter>
    </ClCompile>
    <ClCompile Include="..\src\common\pa_stream.c">
      <Filter>Source Files\common</Filter>
    </ClCompile>
    <ClCompile Include="..\src\common\pa_trace.c">
      <Filter>Source Files\common</Filter>
    </ClCompile>
    <ClCompile Include="..\src\hostapi\dsound\pa_win_ds.c">
      <Filter>Source Files\hostapi\dsound</Filter>
    </ClCompile>
    <ClCompile Include="..\src\hostapi\dsound\pa_win_ds_dynlink.c">
      <Filter>Source Files\hostapi\dsound</Filter>
    </ClCompile>
    <ClCompile Include="..\src\hostapi\wmme\pa_win_wmme.c">
      <Filter>Source Files\hostapi\wmme</Filter>
    </ClCompile>
    <ClCompile Include="..\src\hostapi\wasapi\pa_win_wasapi.c">
      <Filter>Source Files\hostapi\wasapi</Filter>
    </ClCompile>
    <ClCompile Include="..\src\hostapi\wdmks\pa_win_wdmks.c">
      <Filter>Source Files\hostapi\wdmks</Filter>
    </ClCompile>
    <ClCompile Include="..\src\os\win\pa_win_coinitialize.c">
      <Filter>Source Files\os\win</Filter>
    </ClCompile>
    <ClCompile Include="..\src\os\win\pa_win_hostapis.c">
      <Filter>Source Files\os\win</Filter>
    </ClCompile>
    <ClCompile Include="..\src\os\win\pa_win_util.c">
      <Filter>Source Files\os\win</Filter>
    </ClCompile>
    <ClCompile Include="..\src\os\win\pa_win_version.c">
      <Filter>Source Files\os\win</Filter>
    </ClCompile>
    <ClCompile Include="..\src\os\win\pa_win_waveformat.c">
      <Filter>Source Files\os\win</Filter>
    </ClCompile>
    <ClCompile Include="..\src\os\win\pa_win_wdmks_utils.c">
      <Filter>Source Files\os\win</Filter>
    </ClCompile>
    <ClCompile Include="..\src\os\win\pa_x86_plain_converters.c">
      <Filter>Source Files\os\win</Filter>
    </ClCompile>
  </ItemGroup>
  <ItemGroup>
    <ClInclude Include="..\include\pa_win_ds.h">
      <Filter>Header Files</Filter>
    </ClInclude>
    <ClInclude Include="..\include\pa_win_wasapi.h">
      <Filter>Header Files</Filter>
    </ClInclude>
    <ClInclude Include="..\include\pa_win_waveformat.h">
      <Filter>Header Files</Filter>
    </ClInclude>
    <ClInclude Include="..\include\pa_win_wmme.h">
      <Filter>Header Files</Filter>
    </ClInclude>
    <ClInclude Include="..\include\portaudio.h">
      <Filter>Header Files</Filter>
    </ClInclude>
  </ItemGroup>
</Project>