
Microsoft Visual Studio Solution File, Format Version 12.00
# Visual Studio Version 16
VisualStudioVersion = 16.0.29911.98
MinimumVisualStudioVersion = 10.0.40219.1
Project("{8BC9CEB8-8B4A-11D0-8D11-00A0C91BC942}") = "MapUploader", "MapUploader\MapUploader.vcxproj", "{C3ABBD31-1C7E-4F52-BCE6-4083508CC767}"
EndProject
Project("{8BC9CEB8-8B4A-11D0-8D11-00A0C91BC942}") = "StormLib", "StormLib-master\StormLib_vs17.vcxproj", "{78424708-1F6E-4D4B-920C-FB6D26847055}"
EndProject
Project("{8BC9CEB8-8B4A-11D0-8D11-00A0C91BC942}") = "HttpLibTests", "HttpLibTests\HttpLibTests.vcxproj", "{DA685F08-D2D2-4F52-A638-91DED1F678C1}"
EndProject
Global
	GlobalSection(SolutionConfigurationPlatforms) = preSolution
		Debug|x64 = Debug|x64
		Debug|x86 = Debug|x86
		DebugAD|x64 = DebugAD|x64
		DebugAD|x86 = DebugAD|x86
		DebugAS|x64 = DebugAS|x64
		DebugAS|x86 = DebugAS|x86
		DebugUD|x64 = DebugUD|x64
		DebugUD|x86 = DebugUD|x86
		DebugUS|x64 = DebugUS|x64
		DebugUS|x86 = DebugUS|x86
		Release|x64 = Release|x64
		Release|x86 = Release|x86
		ReleaseAD|x64 = ReleaseAD|x64
		ReleaseAD|x86 = ReleaseAD|x86
		ReleaseAS|x64 = ReleaseAS|x64
		ReleaseAS|x86 = ReleaseAS|x86
		ReleaseUD|x64 = ReleaseUD|x64
		ReleaseUD|x86 = ReleaseUD|x86
		ReleaseUS|x64 = ReleaseUS|x64
		ReleaseUS|x86 = ReleaseUS|x86
	EndGlobalSection
	GlobalSection(ProjectConfigurationPlatforms) = postSolution
		{C3ABBD31-1C7E-4F52-BCE6-4083508CC767}.Debug|x64.ActiveCfg = Debug|x64
		{C3ABBD31-1C7E-4F52-BCE6-4083508CC767}.Debug|x64.Build.0 = Debug|x64
		{C3ABBD31-1C7E-4F52-BCE6-4083508CC767}.Debug|x86.ActiveCfg = Debug|Win32
		{C3ABBD31-1C7E-4F52-BCE6-4083508CC767}.Debug|x86.Build.0 = Debug|Win32
		{C3ABBD31-1C7E-4F52-BCE6-4083508CC767}.DebugAD|x64.ActiveCfg = Debug|x64
		{C3ABBD31-1C7E-4F52-BCE6-4083508CC767}.DebugAD|x64.Build.0 = Debug|x64
		{C3ABBD31-1C7E-4F52-BCE6-4083508CC767}.DebugAD|x86.ActiveCfg = Debug|Win32
		{C3ABBD31-1C7E-4F52-BCE6-4083508CC767}.DebugAD|x86.Build.0 = Debug|Win32
		{C3ABBD31-1C7E-4F52-BCE6-4083508CC767}.DebugAS|x64.ActiveCfg = Debug|x64
		{C3ABBD31-1C7E-4F52-BCE6-4083508CC767}.DebugAS|x64.Build.0 = Debug|x64
		{C3ABBD31-1C7E-4F52-BCE6-4083508CC767}.DebugAS|x86.ActiveCfg = Debug|Win32
		{C3ABBD31-1C7E-4F52-BCE6-4083508CC767}.DebugAS|x86.Build.0 = Debug|Win32
		{C3ABBD31-1C7E-4F52-BCE6-4083508CC767}.DebugUD|x64.ActiveCfg = Debug|x64
		{C3ABBD31-1C7E-4F52-BCE6-4083508CC767}.DebugUD|x64.Build.0 = Debug|x64
		{C3ABBD31-1C7E-4F52-BCE6-4083508CC767}.DebugUD|x86.ActiveCfg = Debug|Win32
		{C3ABBD31-1C7E-4F52-BCE6-4083508CC767}.DebugUD|x86.Build.0 = Debug|Win32
		{C3ABBD31-1C7E-4F52-BCE6-4083508CC767}.DebugUS|x64.ActiveCfg = Debug|x64
		{C3ABBD31-1C7E-4F52-BCE6-4083508CC767}.DebugUS|x64.Build.0 = Debug|x64
		{C3ABBD31-1C7E-4F52-BCE6-4083508CC767}.DebugUS|x86.ActiveCfg = Debug|Win32
		{C3ABBD31-1C7E-4F52-BCE6-4083508CC767}.DebugUS|x86.Build.0 = Debug|Win32
		{C3ABBD31-1C7E-4F52-BCE6-4083508CC767}.Release|x64.ActiveCfg = Release|x64
		{C3ABBD31-1C7E-4F52-BCE6-4083508CC767}.Release|x64.Build.0 = Release|x64
		{C3ABBD31-1C7E-4F52-BCE6-4083508CC767}.Release|x86.ActiveCfg = Release|Win32
		{C3ABBD31-1C7E-4F52-BCE6-4083508CC767}.Release|x86.Build.0 = Release|Win32
		{C3ABBD31-1C7E-4F52-BCE6-4083508CC767}.ReleaseAD|x64.ActiveCfg = Release|x64
		{C3ABBD31-1C7E-4F52-BCE6-4083508CC767}.ReleaseAD|x64.Build.0 = Release|x64
		{C3ABBD31-1C7E-4F52-BCE6-4083508CC767}.ReleaseAD|x86.ActiveCfg = Release|Win32
		{C3ABBD31-1C7E-4F52-BCE6-4083508CC767}.ReleaseAD|x86.Build.0 = Release|Win32
		{C3ABBD31-1C7E-4F52-BCE6-4083508CC767}.ReleaseAS|x64.ActiveCfg = Release|x64
		{C3ABBD31-1C7E-4F52-BCE6-4083508CC767}.ReleaseAS|x64.Build.0 = Release|x64
		{C3ABBD31-1C7E-4F52-BCE6-4083508CC767}.ReleaseAS|x86.ActiveCfg = Release|Win32
		{C3ABBD31-1C7E-4F52-BCE6-4083508CC767}.ReleaseAS|x86.Build.0 = Release|Win32
		{C3ABBD31-1C7E-4F52-BCE6-4083508CC767}.ReleaseUD|x64.ActiveCfg = Release|x64
		{C3ABBD31-1C7E-4F52-BCE6-4083508CC767}.ReleaseUD|x64.Build.0 = Release|x64
		{C3ABBD31-1C7E-4F52-BCE6-4083508CC767}.ReleaseUD|x86.ActiveCfg = Release|Win32
		{C3ABBD31-1C7E-4F52-BCE6-4083508CC767}.ReleaseUD|x86.Build.0 = Release|Win32
		{C3ABBD31-1C7E-4F52-BCE6-4083508CC767}.ReleaseUS|x64.ActiveCfg = Release|x64
		{C3ABBD31-1C7E-4F52-BCE6-4083508CC767}.ReleaseUS|x64.Build.0 = Release|x64
		{C3ABBD31-1C7E-4F52-BCE6-4083508CC767}.ReleaseUS|x86.ActiveCfg = Release|Win32
		{C3ABBD31-1C7E-4F52-BCE6-4083508CC767}.ReleaseUS|x86.Build.0 = Release|Win32
		{78424708-1F6E-4D4B-920C-FB6D26847055}.Debug|x64.ActiveCfg = DebugUD|x64
		{78424708-1F6E-4D4B-920C-FB6D26847055}.Debug|x64.Build.0 = DebugUD|x64
		{78424708-1F6E-4D4B-920C-FB6D26847055}.Debug|x86.ActiveCfg = DebugUD|Win32
		{78424708-1F6E-4D4B-920C-FB6D26847055}.Debug|x86.Build.0 = DebugUD|Win32
		{78424708-1F6E-4D4B-920C-FB6D26847055}.DebugAD|x64.ActiveCfg = DebugAD|x64
		{78424708-1F6E-4D4B-920C-FB6D26847055}.DebugAD|x64.Build.0 = DebugAD|x64
		{78424708-1F6E-4D4B-920C-FB6D26847055}.DebugAD|x86.ActiveCfg = DebugAD|Win32
		{78424708-1F6E-4D4B-920C-FB6D26847055}.DebugAD|x86.Build.0 = DebugAD|Win32
		{78424708-1F6E-4D4B-920C-FB6D26847055}.DebugAS|x64.ActiveCfg = DebugAS|x64
		{78424708-1F6E-4D4B-920C-FB6D26847055}.DebugAS|x64.Build.0 = DebugAS|x64
		{78424708-1F6E-4D4B-920C-FB6D26847055}.DebugAS|x86.ActiveCfg = DebugAS|Win32
		{78424708-1F6E-4D4B-920C-FB6D26847055}.DebugAS|x86.Build.0 = DebugAS|Win32
		{78424708-1F6E-4D4B-920C-FB6D26847055}.DebugUD|x64.ActiveCfg = DebugUD|x64
		{78424708-1F6E-4D4B-920C-FB6D26847055}.DebugUD|x64.Build.0 = DebugUD|x64
		{78424708-1F6E-4D4B-920C-FB6D26847055}.DebugUD|x86.ActiveCfg = DebugUD|Win32
		{78424708-1F6E-4D4B-920C-FB6D26847055}.DebugUD|x86.Build.0 = DebugUD|Win32
		{78424708-1F6E-4D4B-920C-FB6D26847055}.DebugUS|x64.ActiveCfg = DebugUS|x64
		{78424708-1F6E-4D4B-920C-FB6D26847055}.DebugUS|x64.Build.0 = DebugUS|x64
		{78424708-1F6E-4D4B-920C-FB6D26847055}.DebugUS|x86.ActiveCfg = DebugUS|Win32
		{78424708-1F6E-4D4B-920C-FB6D26847055}.DebugUS|x86.Build.0 = DebugUS|Win32
		{78424708-1F6E-4D4B-920C-FB6D26847055}.Release|x64.ActiveCfg = ReleaseAS|x64
		{78424708-1F6E-4D4B-920C-FB6D26847055}.Release|x64.Build.0 = ReleaseAS|x64
		{78424708-1F6E-4D4B-920C-FB6D26847055}.Release|x86.ActiveCfg = ReleaseUS|Win32
		{78424708-1F6E-4D4B-920C-FB6D26847055}.Release|x86.Build.0 = ReleaseUS|Win32
		{78424708-1F6E-4D4B-920C-FB6D26847055}.ReleaseAD|x64.ActiveCfg = ReleaseAD|x64
		{78424708-1F6E-4D4B-920C-FB6D26847055}.ReleaseAD|x64.Build.0 = ReleaseAD|x64
		{78424708-1F6E-4D4B-920C-FB6D26847055}.ReleaseAD|x86.ActiveCfg = ReleaseAD|Win32
		{78424708-1F6E-4D4B-920C-FB6D26847055}.ReleaseAD|x86.Build.0 = ReleaseAD|Win32
		{78424708-1F6E-4D4B-920C-FB6D26847055}.ReleaseAS|x64.ActiveCfg = ReleaseAS|x64
		{78424708-1F6E-4D4B-920C-FB6D26847055}.ReleaseAS|x64.Build.0 = ReleaseAS|x64
		{78424708-1F6E-4D4B-920C-FB6D26847055}.ReleaseAS|x86.ActiveCfg = ReleaseAS|Win32
		{78424708-1F6E-4D4B-920C-FB6D26847055}.ReleaseAS|x86.Build.0 = ReleaseAS|Win32
		{78424708-1F6E-4D4B-920C-FB6D26847055}.ReleaseUD|x64.ActiveCfg = ReleaseUD|x64
		{78424708-1F6E-4D4B-920C-FB6D26847055}.ReleaseUD|x64.Build.0 = ReleaseUD|x64
		{78424708-1F6E-4D4B-920C-FB6D26847055}.ReleaseUD|x86.ActiveCfg = ReleaseUD|Win32
		{78424708-1F6E-4D4B-920C-FB6D26847055}.ReleaseUD|x86.Build.0 = ReleaseUD|Win32
		{78424708-1F6E-4D4B-920C-FB6D26847055}.ReleaseUS|x64.ActiveCfg = ReleaseUS|x64
		{78424708-1F6E-4D4B-920C-FB6D26847055}.ReleaseUS|x64.Build.0 = ReleaseUS|x64
		{78424708-1F6E-4D4B-920C-FB6D26847055}.ReleaseUS|x86.ActiveCfg = ReleaseUS|Win32
		{78424708-1F6E-4D4B-920C-FB6D26847055}.ReleaseUS|x86.Build.0 = ReleaseUS|Win32
		{DA685F08-D2D2-4F52-A638-91DED1F678C1}.Debug|x64.ActiveCfg = Debug|x64
		{DA685F08-D2D2-4F52-A638-91DED1F678C1}.Debug|x64.Build.0 = Debug|x64
		{DA685F08-D2D2-4F52-A638-91DED1F678C1}.Debug|x86.ActiveCfg = Debug|Win32
		{DA685F08-D2D2-4F52-A638-91DED1F678C1}.Debug|x86.Build.0 = Debug|Win32
		{DA685F08-D2D2-4F52-A638-91DED1F678C1}.DebugAD|x64.ActiveCfg = Debug|x64
		{DA685F08-D2D2-4F52-A638-91DED1F678C1}.DebugAD|x64.Build.0 = Debug|x64
		{DA685F08-D2D2-4F52-A638-91DED1F678C1}.DebugAD|x86.ActiveCfg = Debug|Win32
		{DA685F08-D2D2-4F52-A638-91DED1F678C1}.DebugAD|x86.Build.0 = Debug|Win32
		{DA685F08-D2D2-4F52-A638-91DED1F678C1}.DebugAS|x64.ActiveCfg = Debug|x64
		{DA685F08-D2D2-4F52-A638-91DED1F678C1}.DebugAS|x64.Build.0 = Debug|x64
		{DA685F08-D2D2-4F52-A638-91DED1F678C1}.DebugAS|x86.ActiveCfg = Debug|Win32
		{DA685F08-D2D2-4F52-A638-91DED1F678C1}.DebugAS|x86.Build.0 = Debug|Win32
		{DA685F08-D2D2-4F52-A638-91DED1F678C1}.DebugUD|x64.ActiveCfg = Debug|x64
		{DA685F08-D2D2-4F52-A638-91DED1F678C1}.DebugUD|x64.Build.0 = Debug|x64
		{DA685F08-D2D2-4F52-A638-91DED1F678C1}.DebugUD|x86.ActiveCfg = Debug|Win32
		{DA685F08-D2D2-4F52-A638-91DED1F678C1}.DebugUD|x86.Build.0 = Debug|Win32
		{DA685F08-D2D2-4F52-A638-91DED1F678C1}.DebugUS|x64.ActiveCfg = Debug|x64
		{DA685F08-D2D2-4F52-A638-91DED1F678C1}.DebugUS|x64.Build.0 = Debug|x64
		{DA685F08-D2D2-4F52-A638-91DED1F678C1}.DebugUS|x86.ActiveCfg = Debug|Win32
		{DA685F08-D2D2-4F52-A638-91DED1F678C1}.DebugUS|x86.Build.0 = Debug|Win32
		{DA685F08-D2D2-4F52-A638-91DED1F678C1}.Release|x64.ActiveCfg = Release|x64
		{DA685F08-D2D2-4F52-A638-91DED1F678C1}.Release|x64.Build.0 = Release|x64
		{DA685F08-D2D2-4F52-A638-91DED1F678C1}.Release|x86.ActiveCfg = Release|Win32
		{DA685F08-D2D2-4F52-A638-91DED1F678C1}.Release|x86.Build.0 = Release|Win32
		{DA685F08-D2D2-4F52-A638-91DED1F678C1}.ReleaseAD|x64.ActiveCfg = Release|x64
		{DA685F08-D2D2-4F52-A638-91DED1F678C1}.ReleaseAD|x64.Build.0 = Release|x64
		{DA685F08-D2D2-4F52-A638-91DED1F678C1}.ReleaseAD|x86.ActiveCfg = Release|Win32
		{DA685F08-D2D2-4F52-A638-91DED1F678C1}.ReleaseAD|x86.Build.0 = Release|Win32
		{DA685F08-D2D2-4F52-A638-91DED1F678C1}.ReleaseAS|x64.ActiveCfg = Release|x64
		{DA685F08-D2D2-4F52-A638-91DED1F678C1}.ReleaseAS|x64.Build.0 = Release|x64
		{DA685F08-D2D2-4F52-A638-91DED1F678C1}.ReleaseAS|x86.ActiveCfg = Release|Win32
		{DA685F08-D2D2-4F52-A638-91DED1F678C1}.ReleaseAS|x86.Build.0 = Release|Win32
		{DA685F08-D2D2-4F52-A638-91DED1F678C1}.ReleaseUD|x64.ActiveCfg = Release|x64
		{DA685F08-D2D2-4F52-A638-91DED1F678C1}.ReleaseUD|x64.Build.0 = Release|x64
		{DA685F08-D2D2-4F52-A638-91DED1F678C1}.ReleaseUD|x86.ActiveCfg = Release|Win32
		{DA685F08-D2D2-4F52-A638-91DED1F678C1}.ReleaseUD|x86.Build.0 = Release|Win32
		{DA685F08-D2D2-4F52-A638-91DED1F678C1}.ReleaseUS|x64.ActiveCfg = Release|x64
		{DA685F08-D2D2-4F52-A638-91DED1F678C1}.ReleaseUS|x64.Build.0 = Release|x64
		{DA685F08-D2D2-4F52-A638-91DED1F678C1}.ReleaseUS|x86.ActiveCfg = Release|Win32
		{DA685F08-D2D2-4F52-A638-91DED1F678C1}.ReleaseUS|x86.Build.0 = Release|Win32
	EndGlobalSection
	GlobalSection(SolutionProperties) = preSolution
		HideSolutionNode = FALSE
	EndGlobalSection
	GlobalSection(ExtensibilityGlobals) = postSolution
		SolutionGuid = {21DB1505-ABF6-411D-AAA8-91C35C0CE083}
	EndGlobalSection
EndGlobal
