
Microsoft Visual Studio Solution File, Format Version 12.00
# Visual Studio 15
VisualStudioVersion = 15.0.27703.2042
MinimumVisualStudioVersion = 10.0.40219.1
Project("{FAE04EC0-301F-11D3-BF4B-00C04F79EFBC}") = "NewClient", "NewClient\NewClient.csproj", "{356493D7-5F9D-4FBA-98C5-1676A9EC5B18}"
	ProjectSection(ProjectDependencies) = postProject
		{74F93580-237B-443F-AD6E-A4412EDB5BF7} = {74F93580-237B-443F-AD6E-A4412EDB5BF7}
	EndProjectSection
EndProject
Project("{8BC9CEB8-8B4A-11D0-8D11-00A0C91BC942}") = "w3client", "gproxy\gproxy\gproxy.vcxproj", "{74F93580-237B-443F-AD6E-A4412EDB5BF7}"
EndProject
Project("{8BC9CEB8-8B4A-11D0-8D11-00A0C91BC942}") = "BNCSutil", "gproxy\bncsutil\vc8_build\BNCSutil.vcxproj", "{CFB9AEE6-C0BB-49B0-B0F5-F564975202B8}"
EndProject
Global
	GlobalSection(SolutionConfigurationPlatforms) = preSolution
		Debug|Any CPU = Debug|Any CPU
		Debug|x86 = Debug|x86
		Release|Any CPU = Release|Any CPU
		Release|x86 = Release|x86
	EndGlobalSection
	GlobalSection(ProjectConfigurationPlatforms) = postSolution
		{356493D7-5F9D-4FBA-98C5-1676A9EC5B18}.Debug|Any CPU.ActiveCfg = Debug|Any CPU
		{356493D7-5F9D-4FBA-98C5-1676A9EC5B18}.Debug|Any CPU.Build.0 = Debug|Any CPU
		{356493D7-5F9D-4FBA-98C5-1676A9EC5B18}.Debug|x86.ActiveCfg = Debug|Any CPU
		{356493D7-5F9D-4FBA-98C5-1676A9EC5B18}.Debug|x86.Build.0 = Debug|Any CPU
		{356493D7-5F9D-4FBA-98C5-1676A9EC5B18}.Release|Any CPU.ActiveCfg = Release|Any CPU
		{356493D7-5F9D-4FBA-98C5-1676A9EC5B18}.Release|Any CPU.Build.0 = Release|Any CPU
		{356493D7-5F9D-4FBA-98C5-1676A9EC5B18}.Release|x86.ActiveCfg = Release|Any CPU
		{356493D7-5F9D-4FBA-98C5-1676A9EC5B18}.Release|x86.Build.0 = Release|Any CPU
		{74F93580-237B-443F-AD6E-A4412EDB5BF7}.Debug|Any CPU.ActiveCfg = Release|Win32
		{74F93580-237B-443F-AD6E-A4412EDB5BF7}.Debug|x86.ActiveCfg = Debug|Win32
		{74F93580-237B-443F-AD6E-A4412EDB5BF7}.Debug|x86.Build.0 = Debug|Win32
		{74F93580-237B-443F-AD6E-A4412EDB5BF7}.Release|Any CPU.ActiveCfg = Release|Win32
		{74F93580-237B-443F-AD6E-A4412EDB5BF7}.Release|Any CPU.Build.0 = Release|Win32
		{74F93580-237B-443F-AD6E-A4412EDB5BF7}.Release|x86.ActiveCfg = Release|Win32
		{74F93580-237B-443F-AD6E-A4412EDB5BF7}.Release|x86.Build.0 = Release|Win32
		{CFB9AEE6-C0BB-49B0-B0F5-F564975202B8}.Debug|Any CPU.ActiveCfg = Release|Win32
		{CFB9AEE6-C0BB-49B0-B0F5-F564975202B8}.Debug|x86.ActiveCfg = Debug|Win32
		{CFB9AEE6-C0BB-49B0-B0F5-F564975202B8}.Debug|x86.Build.0 = Debug|Win32
		{CFB9AEE6-C0BB-49B0-B0F5-F564975202B8}.Release|Any CPU.ActiveCfg = Release|Win32
		{CFB9AEE6-C0BB-49B0-B0F5-F564975202B8}.Release|Any CPU.Build.0 = Release|Win32
		{CFB9AEE6-C0BB-49B0-B0F5-F564975202B8}.Release|x86.ActiveCfg = Release|Win32
		{CFB9AEE6-C0BB-49B0-B0F5-F564975202B8}.Release|x86.Build.0 = Release|Win32
	EndGlobalSection
	GlobalSection(SolutionProperties) = preSolution
		HideSolutionNode = FALSE
	EndGlobalSection
	GlobalSection(ExtensibilityGlobals) = postSolution
		SolutionGuid = {EEF30B2F-85FF-4981-B735-AFD6D7ED01C0}
	EndGlobalSection
EndGlobal
